
Microsoft Visual Studio Solution File, Format Version 12.00
# Visual Studio Version 16
VisualStudioVersion = 16.0.29806.167
MinimumVisualStudioVersion = 10.0.40219.1
Project("{9A19103F-16F7-4668-BE54-9A1E7A4F7556}") = "IBGECart", "IBGECart.csproj", "{FA463DD7-1139-415B-A26B-4902CCC547B6}"
EndProject
Project("{2150E333-8FDC-42A3-9474-1A3956D46DE8}") = "Arquivos", "Arquivos", "{29BAFCC9-0C6E-41E8-81D5-D99BBF6B2CF7}"
	ProjectSection(SolutionItems) = preProject
		Regras.txt = Regras.txt
	EndProjectSection
EndProject
Project("{2150E333-8FDC-42A3-9474-1A3956D46DE8}") = "Entradas", "Entradas", "{ED364B4E-2394-4895-BE8F-54DB32810E6B}"
	ProjectSection(SolutionItems) = preProject
		CARTINF01.TXT = CARTINF01.TXT
	EndProjectSection
EndProject
Project("{2150E333-8FDC-42A3-9474-1A3956D46DE8}") = "Saidas", "Saidas", "{D1C431A7-2DB6-4838-9AA0-4B2FC317233E}"
EndProject
Global
	GlobalSection(SolutionConfigurationPlatforms) = preSolution
		Debug|Any CPU = Debug|Any CPU
		Release|Any CPU = Release|Any CPU
	EndGlobalSection
	GlobalSection(ProjectConfigurationPlatforms) = postSolution
		{FA463DD7-1139-415B-A26B-4902CCC547B6}.Debug|Any CPU.ActiveCfg = Debug|Any CPU
		{FA463DD7-1139-415B-A26B-4902CCC547B6}.Debug|Any CPU.Build.0 = Debug|Any CPU
		{FA463DD7-1139-415B-A26B-4902CCC547B6}.Release|Any CPU.ActiveCfg = Release|Any CPU
		{FA463DD7-1139-415B-A26B-4902CCC547B6}.Release|Any CPU.Build.0 = Release|Any CPU
	EndGlobalSection
	GlobalSection(SolutionProperties) = preSolution
		HideSolutionNode = FALSE
	EndGlobalSection
	GlobalSection(NestedProjects) = preSolution
		{ED364B4E-2394-4895-BE8F-54DB32810E6B} = {29BAFCC9-0C6E-41E8-81D5-D99BBF6B2CF7}
		{D1C431A7-2DB6-4838-9AA0-4B2FC317233E} = {29BAFCC9-0C6E-41E8-81D5-D99BBF6B2CF7}
	EndGlobalSection
	GlobalSection(ExtensibilityGlobals) = postSolution
		SolutionGuid = {1A438791-AD6F-4CBF-A567-945C437EABC0}
	EndGlobalSection
EndGlobal
